
Microsoft Visual Studio Solution File, Format Version 12.00
# Visual Studio Version 16
VisualStudioVersion = 16.0.31729.503
MinimumVisualStudioVersion = 10.0.40219.1
Project("{FAE04EC0-301F-11D3-BF4B-00C04F79EFBC}") = "NeosBakery", "NeosBakery\NeosBakery.csproj", "{0779CE25-65D8-4317-AEF5-CCFE1FC9196A}"
EndProject
Global
	GlobalSection(SolutionConfigurationPlatforms) = preSolution
		Debug|Any CPU = Debug|Any CPU
		Release|Any CPU = Release|Any CPU
	EndGlobalSection
	GlobalSection(ProjectConfigurationPlatforms) = postSolution
		{0779CE25-65D8-4317-AEF5-CCFE1FC9196A}.Debug|Any CPU.ActiveCfg = Debug|Any CPU
		{0779CE25-65D8-4317-AEF5-CCFE1FC9196A}.Debug|Any CPU.Build.0 = Debug|Any CPU
		{0779CE25-65D8-4317-AEF5-CCFE1FC9196A}.Release|Any CPU.ActiveCfg = Release|Any CPU
		{0779CE25-65D8-4317-AEF5-CCFE1FC9196A}.Release|Any CPU.Build.0 = Release|Any CPU
	EndGlobalSection
	GlobalSection(SolutionProperties) = preSolution
		HideSolutionNode = FALSE
	EndGlobalSection
	GlobalSection(ExtensibilityGlobals) = postSolution
		SolutionGuid = {AAD878E2-8C3E-4E72-B816-2EF981FC5006}
	EndGlobalSection
EndGlobal
